{
  "name": "web-auto-extractor",
  "version": "1.0.1",
  "lockfileVersion": 1,
  "requires": true,
  "dependencies": {
    "jsonrepair": {
      "version": "2.2.1",
      "resolved": "https://registry.npmjs.org/jsonrepair/-/jsonrepair-2.2.1.tgz",
      "integrity": "sha512-o9Je8TceILo872uQC9fIBJm957j1Io7z8Ca1iWIqY6S5S65HGE9XN7XEEw7+tUviB9Vq4sygV89MVTxl+rhZyg=="
    }
  }
}
